{
  "version": 4,
  "terraform_version": "1.8.2",
  "serial": 11,
  "lineage": "2b2972af-a488-b84b-0af0-d991b3a0b34a",
  "outputs": {
    "nlb_public_ip": {
      "value": "84.201.149.149",
      "type": "string"
    },
    "public_image_url": {
      "value": "https://storage.yandexcloud.net/alexey-20251027/pic.jpg",
      "type": "string"
    }
  },
  "resources": [
    {
      "mode": "managed",
      "type": "yandex_compute_instance_group",
      "name": "lamp_ig",
      "provider": "provider[\"registry.terraform.io/yandex-cloud/yandex\"]",
      "instances": [
        {
          "schema_version": 0,
          "attributes": {
            "allocation_policy": [
              {
                "instance_tags_pool": [],
                "zones": [
                  "ru-central1-a"
                ]
              }
            ],
            "application_load_balancer": [],
            "created_at": "2025-10-27T19:52:47Z",
            "deletion_protection": false,
            "deploy_policy": [
              {
                "max_creating": 1,
                "max_deleting": 1,
                "max_expansion": 1,
                "max_unavailable": 1,
                "startup_duration": 0,
                "strategy": "proactive"
              }
            ],
            "description": "",
            "folder_id": "b1gse67sen06i8u6ri78",
            "health_check": [],
            "id": "cl14aote19uetka391dd",
            "instance_template": [
              {
                "boot_disk": [
                  {
                    "device_name": "",
                    "disk_id": "",
                    "initialize_params": [
                      {
                        "description": "",
                        "image_id": "fd827b91d99psvq5fjit",
                        "size": 10,
                        "snapshot_id": "",
                        "type": "network-hdd"
                      }
                    ],
                    "mode": "READ_WRITE",
                    "name": ""
                  }
                ],
                "description": "",
                "filesystem": [],
                "hostname": "",
                "labels": {},
                "metadata": {
                  "ssh-keys": "ubuntu:ssh-ed25519 AAAAC3NzaC1lZDI1NTE5AAAAIMqSVXDvPdBOlA2bdW7MHauhCEoxkRZmyx5FuH/s70XO tatarincev0810@gmail.com\n",
                  "user-data": "#!/bin/bash\ncat \u003e /var/www/html/index.html \u003c\u003c'EOPAGE'\n\u003chtml\u003e\n  \u003chead\u003e\u003ctitle\u003eNetology LAMP\u003c/title\u003e\u003c/head\u003e\n  \u003cbody\u003e\n    \u003ch1\u003eInstance Group LAMP\u003c/h1\u003e\n    \u003cp\u003eКартинка из Object Storage:\u003c/p\u003e\n    \u003cimg src=\"https://storage.yandexcloud.net/alexey-20251027/pic.jpg\" style=\"max-width:600px;\"\u003e\n  \u003c/body\u003e\n\u003c/html\u003e\n\nEOPAGE\nsystemctl restart apache2 || systemctl restart httpd || true\n"
                },
                "metadata_options": [
                  {
                    "aws_v1_http_endpoint": 0,
                    "aws_v1_http_token": 0,
                    "gce_http_endpoint": 0,
                    "gce_http_token": 0
                  }
                ],
                "name": "",
                "network_interface": [
                  {
                    "dns_record": [],
                    "ip_address": "",
                    "ipv4": true,
                    "ipv6": false,
                    "ipv6_address": "",
                    "ipv6_dns_record": [],
                    "nat": true,
                    "nat_dns_record": [],
                    "nat_ip_address": "",
                    "network_id": "",
                    "security_group_ids": null,
                    "subnet_ids": [
                      "e9bc7e0cgvhlldb3q47g"
                    ]
                  }
                ],
                "network_settings": [],
                "placement_policy": [],
                "platform_id": "standard-v1",
                "resources": [
                  {
                    "core_fraction": 100,
                    "cores": 2,
                    "gpus": 0,
                    "memory": 2
                  }
                ],
                "scheduling_policy": [
                  {
                    "preemptible": false
                  }
                ],
                "secondary_disk": [],
                "service_account_id": ""
              }
            ],
            "instances": [
              {
                "fqdn": "cl14aote19uetka391dd-opax.ru-central1.internal",
                "instance_id": "fhmkfeea9icav168e1g9",
                "instance_tag": "",
                "name": "cl14aote19uetka391dd-opax",
                "network_interface": [
                  {
                    "index": 0,
                    "ip_address": "192.168.10.23",
                    "ipv4": true,
                    "ipv6": false,
                    "ipv6_address": "",
                    "mac_address": "d0:0d:14:7b:9c:a4",
                    "nat": true,
                    "nat_ip_address": "89.169.154.17",
                    "nat_ip_version": "IPV4",
                    "subnet_id": "e9bc7e0cgvhlldb3q47g"
                  }
                ],
                "status": "RUNNING_ACTUAL",
                "status_changed_at": "2025-10-27T19:53:59Z",
                "status_message": "",
                "zone_id": "ru-central1-a"
              },
              {
                "fqdn": "cl14aote19uetka391dd-oxub.ru-central1.internal",
                "instance_id": "fhmi192f0fnchn0793v0",
                "instance_tag": "",
                "name": "cl14aote19uetka391dd-oxub",
                "network_interface": [
                  {
                    "index": 0,
                    "ip_address": "192.168.10.11",
                    "ipv4": true,
                    "ipv6": false,
                    "ipv6_address": "",
                    "mac_address": "d0:0d:12:0a:44:f0",
                    "nat": true,
                    "nat_ip_address": "51.250.14.42",
                    "nat_ip_version": "IPV4",
                    "subnet_id": "e9bc7e0cgvhlldb3q47g"
                  }
                ],
                "status": "RUNNING_ACTUAL",
                "status_changed_at": "2025-10-27T19:54:44Z",
                "status_message": "",
                "zone_id": "ru-central1-a"
              },
              {
                "fqdn": "cl14aote19uetka391dd-aruv.ru-central1.internal",
                "instance_id": "fhml2m7fk2hd44c79lvl",
                "instance_tag": "",
                "name": "cl14aote19uetka391dd-aruv",
                "network_interface": [
                  {
                    "index": 0,
                    "ip_address": "192.168.10.19",
                    "ipv4": true,
                    "ipv6": false,
                    "ipv6_address": "",
                    "mac_address": "d0:0d:15:15:8e:fa",
                    "nat": true,
                    "nat_ip_address": "84.201.134.34",
                    "nat_ip_version": "IPV4",
                    "subnet_id": "e9bc7e0cgvhlldb3q47g"
                  }
                ],
                "status": "RUNNING_ACTUAL",
                "status_changed_at": "2025-10-27T19:55:25Z",
                "status_message": "",
                "zone_id": "ru-central1-a"
              }
            ],
            "labels": null,
            "load_balancer": [
              {
                "ignore_health_checks": false,
                "max_opening_traffic_duration": 0,
                "status_message": "",
                "target_group_description": "",
                "target_group_id": "enp24g8uhahujtlrav1o",
                "target_group_labels": null,
                "target_group_name": "lamp-ig-tg"
              }
            ],
            "max_checking_health_duration": null,
            "name": "lamp-ig",
            "scale_policy": [
              {
                "auto_scale": [],
                "fixed_scale": [
                  {
                    "size": 3
                  }
                ],
                "test_auto_scale": []
              }
            ],
            "service_account_id": "aje8090r68h9tudimo46",
            "status": "ACTIVE",
            "timeouts": null,
            "variables": null
          },
          "sensitive_attributes": [],
          "private": "eyJlMmJmYjczMC1lY2FhLTExZTYtOGY4OC0zNDM2M2JjN2M0YzAiOnsiY3JlYXRlIjoxODAwMDAwMDAwMDAwLCJkZWxldGUiOjE4MDAwMDAwMDAwMDAsInVwZGF0ZSI6MTgwMDAwMDAwMDAwMH19",
          "dependencies": [
            "yandex_storage_bucket.img",
            "yandex_storage_object.pic",
            "yandex_vpc_network.main",
            "yandex_vpc_subnet.public"
          ]
        }
      ]
    },
    {
      "mode": "managed",
      "type": "yandex_lb_network_load_balancer",
      "name": "nlb",
      "provider": "provider[\"registry.terraform.io/yandex-cloud/yandex\"]",
      "instances": [
        {
          "schema_version": 0,
          "attributes": {
            "allow_zonal_shift": false,
            "attached_target_group": [
              {
                "healthcheck": [
                  {
                    "healthy_threshold": 2,
                    "http_options": [
                      {
                        "path": "/",
                        "port": 80
                      }
                    ],
                    "interval": 5,
                    "name": "hc-http",
                    "tcp_options": [],
                    "timeout": 2,
                    "unhealthy_threshold": 2
                  }
                ],
                "target_group_id": "enp24g8uhahujtlrav1o"
              }
            ],
            "created_at": "2025-10-27T19:55:27Z",
            "deletion_protection": false,
            "description": "",
            "folder_id": "b1gse67sen06i8u6ri78",
            "id": "enpbs6n1jq73g1hk63it",
            "labels": null,
            "listener": [
              {
                "external_address_spec": [
                  {
                    "address": "84.201.149.149",
                    "ip_version": "ipv4"
                  }
                ],
                "internal_address_spec": [],
                "name": "http-80",
                "port": 80,
                "protocol": "tcp",
                "target_port": 80
              }
            ],
            "name": "lamp-nlb",
            "region_id": "ru-central1",
            "timeouts": null,
            "type": "external"
          },
          "sensitive_attributes": [],
          "private": "eyJlMmJmYjczMC1lY2FhLTExZTYtOGY4OC0zNDM2M2JjN2M0YzAiOnsiY3JlYXRlIjozMDAwMDAwMDAwMDAsImRlbGV0ZSI6MzAwMDAwMDAwMDAwLCJ1cGRhdGUiOjMwMDAwMDAwMDAwMH19",
          "dependencies": [
            "yandex_compute_instance_group.lamp_ig",
            "yandex_storage_bucket.img",
            "yandex_storage_object.pic",
            "yandex_vpc_network.main",
            "yandex_vpc_subnet.public"
          ]
        }
      ]
    },
    {
      "mode": "managed",
      "type": "yandex_storage_bucket",
      "name": "img",
      "provider": "provider[\"registry.terraform.io/yandex-cloud/yandex\"]",
      "instances": [
        {
          "schema_version": 1,
          "attributes": {
            "access_key": null,
            "acl": "public-read",
            "anonymous_access_flags": [
              {
                "config_read": null,
                "list": true,
                "read": true
              }
            ],
            "bucket": "alexey-20251027",
            "bucket_domain_name": "alexey-20251027.storage.yandexcloud.net",
            "bucket_prefix": null,
            "cors_rule": [],
            "default_storage_class": "STANDARD",
            "folder_id": "b1gse67sen06i8u6ri78",
            "force_destroy": true,
            "grant": [],
            "https": [],
            "id": "alexey-20251027",
            "lifecycle_rule": [],
            "logging": [],
            "max_size": 0,
            "object_lock_configuration": [],
            "policy": "",
            "secret_key": null,
            "server_side_encryption_configuration": [],
            "tags": null,
            "versioning": [
              {
                "enabled": false
              }
            ],
            "website": [],
            "website_domain": null,
            "website_endpoint": null
          },
          "sensitive_attributes": [
            [
              {
                "type": "get_attr",
                "value": "secret_key"
              }
            ]
          ],
          "private": "eyJzY2hlbWFfdmVyc2lvbiI6IjEifQ=="
        }
      ]
    },
    {
      "mode": "managed",
      "type": "yandex_storage_object",
      "name": "pic",
      "provider": "provider[\"registry.terraform.io/yandex-cloud/yandex\"]",
      "instances": [
        {
          "schema_version": 0,
          "attributes": {
            "access_key": null,
            "acl": "public-read",
            "bucket": "alexey-20251027",
            "content": null,
            "content_base64": null,
            "content_type": "application/octet-stream",
            "id": "pic.jpg",
            "key": "pic.jpg",
            "object_lock_legal_hold_status": null,
            "object_lock_mode": null,
            "object_lock_retain_until_date": null,
            "secret_key": null,
            "source": "./files/pic.jpg",
            "source_hash": null,
            "tags": null
          },
          "sensitive_attributes": [
            [
              {
                "type": "get_attr",
                "value": "secret_key"
              }
            ]
          ],
          "private": "bnVsbA==",
          "dependencies": [
            "yandex_storage_bucket.img"
          ]
        }
      ]
    },
    {
      "mode": "managed",
      "type": "yandex_vpc_network",
      "name": "main",
      "provider": "provider[\"registry.terraform.io/yandex-cloud/yandex\"]",
      "instances": [
        {
          "schema_version": 0,
          "attributes": {
            "created_at": "2025-10-27T19:51:07Z",
            "default_security_group_id": "enp75bt8hmpno4anesbl",
            "description": "",
            "folder_id": "b1gse67sen06i8u6ri78",
            "id": "enplfsj6mr0fdc5574je",
            "labels": {},
            "name": "netology-vpc",
            "subnet_ids": [
              "e9bc7e0cgvhlldb3q47g"
            ],
            "timeouts": null
          },
          "sensitive_attributes": [],
          "private": "eyJlMmJmYjczMC1lY2FhLTExZTYtOGY4OC0zNDM2M2JjN2M0YzAiOnsiY3JlYXRlIjo2MDAwMDAwMDAwMCwiZGVsZXRlIjo2MDAwMDAwMDAwMCwidXBkYXRlIjo2MDAwMDAwMDAwMH19"
        }
      ]
    },
    {
      "mode": "managed",
      "type": "yandex_vpc_subnet",
      "name": "public",
      "provider": "provider[\"registry.terraform.io/yandex-cloud/yandex\"]",
      "instances": [
        {
          "schema_version": 0,
          "attributes": {
            "created_at": "2025-10-27T19:51:10Z",
            "description": "",
            "dhcp_options": [],
            "folder_id": "b1gse67sen06i8u6ri78",
            "id": "e9bc7e0cgvhlldb3q47g",
            "labels": {},
            "name": "public",
            "network_id": "enplfsj6mr0fdc5574je",
            "route_table_id": "",
            "timeouts": null,
            "v4_cidr_blocks": [
              "192.168.10.0/24"
            ],
            "v6_cidr_blocks": [],
            "zone": "ru-central1-a"
          },
          "sensitive_attributes": [],
          "private": "eyJlMmJmYjczMC1lY2FhLTExZTYtOGY4OC0zNDM2M2JjN2M0YzAiOnsiY3JlYXRlIjoxODAwMDAwMDAwMDAsImRlbGV0ZSI6MTgwMDAwMDAwMDAwLCJ1cGRhdGUiOjE4MDAwMDAwMDAwMH19",
          "dependencies": [
            "yandex_vpc_network.main"
          ]
        }
      ]
    }
  ],
  "check_results": null
}
